// !$*UTF8*$!
{
	archiveVersion = 1;
	classes = {
	};
	objectVersion = 50;
	objects = {

/* Begin PBXBuildFile section */
		5E571F3A2243258900C063EC /* AppDelegate.swift in Sources */ = {isa = PBXBuildFile; fileRef = 5E571F392243258900C063EC /* AppDelegate.swift */; };
		5E571F3C2243258900C063EC /* ViewController.swift in Sources */ = {isa = PBXBuildFile; fileRef = 5E571F3B2243258900C063EC /* ViewController.swift */; };
		5E571F3F2243258900C063EC /* Main.storyboard in Resources */ = {isa = PBXBuildFile; fileRef = 5E571F3D2243258900C063EC /* Main.storyboard */; };
		5E571F412243258A00C063EC /* Assets.xcassets in Resources */ = {isa = PBXBuildFile; fileRef = 5E571F402243258A00C063EC /* Assets.xcassets */; };
		5E571F442243258A00C063EC /* LaunchScreen.storyboard in Resources */ = {isa = PBXBuildFile; fileRef = 5E571F422243258A00C063EC /* LaunchScreen.storyboard */; };
		5E571F4E224325E900C063EC /* FullWidthTextField.swift in Sources */ = {isa = PBXBuildFile; fileRef = 5E571F4C224325E900C063EC /* FullWidthTextField.swift */; };
		5E571F4F224325E900C063EC /* LLimitTextField.swift in Sources */ = {isa = PBXBuildFile; fileRef = 5E571F4D224325E900C063EC /* LLimitTextField.swift */; };
		5E571F51224326AD00C063EC /* CGRect+Extension.swift in Sources */ = {isa = PBXBuildFile; fileRef = 5E571F50224326AD00C063EC /* CGRect+Extension.swift */; };
/* End PBXBuildFile section */

/* Begin PBXFileReference section */
		5E571F362243258900C063EC /* LLimitTextFieldDemo.app */ = {isa = PBXFileReference; explicitFileType = wrapper.application; includeInIndex = 0; path = LLimitTextFieldDemo.app; sourceTree = BUILT_PRODUCTS_DIR; };
		5E571F392243258900C063EC /* AppDelegate.swift */ = {isa = PBXFileReference; lastKnownFileType = sourcecode.swift; path = AppDelegate.swift; sourceTree = "<group>"; };
		5E571F3B2243258900C063EC /* ViewController.swift */ = {isa = PBXFileReference; lastKnownFileType = sourcecode.swift; path = ViewController.swift; sourceTree = "<group>"; };
		5E571F3E2243258900C063EC /* Base */ = {isa = PBXFileReference; lastKnownFileType = file.storyboard; name = Base; path = Base.lproj/Main.storyboard; sourceTree = "<group>"; };
		5E571F402243258A00C063EC /* Assets.xcassets */ = {isa = PBXFileReference; lastKnownFileType = folder.assetcatalog; path = Assets.xcassets; sourceTree = "<group>"; };
		5E571F432243258A00C063EC /* Base */ = {isa = PBXFileReference; lastKnownFileType = file.storyboard; name = Base; path = Base.lproj/LaunchScreen.storyboard; sourceTree = "<group>"; };
		5E571F452243258A00C063EC /* Info.plist */ = {isa = PBXFileReference; lastKnownFileType = text.plist.xml; path = Info.plist; sourceTree = "<group>"; };
		5E571F4C224325E900C063EC /* FullWidthTextField.swift */ = {isa = PBXFileReference; fileEncoding = 4; lastKnownFileType = sourcecode.swift; path = FullWidthTextField.swift; sourceTree = "<group>"; };
		5E571F4D224325E900C063EC /* LLimitTextField.swift */ = {isa = PBXFileReference; fileEncoding = 4; lastKnownFileType = sourcecode.swift; path = LLimitTextField.swift; sourceTree = "<group>"; };
		5E571F50224326AD00C063EC /* CGRect+Extension.swift */ = {isa = PBXFileReference; lastKnownFileType = sourcecode.swift; path = "CGRect+Extension.swift"; sourceTree = "<group>"; };
/* End PBXFileReference section */

/* Begin PBXFrameworksBuildPhase section */
		5E571F332243258900C063EC /* Frameworks */ = {
			isa = PBXFrameworksBuildPhase;
			buildActionMask = 2147483647;
			files = (
			);
			runOnlyForDeploymentPostprocessing = 0;
		};
/* End PBXFrameworksBuildPhase section */

/* Begin PBXGroup section */
		5E571F2D2243258900C063EC = {
			isa = PBXGroup;
			children = (
				5E571F382243258900C063EC /* LLimitTextFieldDemo */,
				5E571F372243258900C063EC /* Products */,
			);
			sourceTree = "<group>";
		};
		5E571F372243258900C063EC /* Products */ = {
			isa = PBXGroup;
			children = (
				5E571F362243258900C063EC /* LLimitTextFieldDemo.app */,
			);
			name = Products;
			sourceTree = "<group>";
		};
		5E571F382243258900C063EC /* LLimitTextFieldDemo */ = {
			isa = PBXGroup;
			children = (
				5E571F4B224325E900C063EC /* LLimitTextField */,
				5E571F392243258900C063EC /* AppDelegate.swift */,
				5E571F3B2243258900C063EC /* ViewController.swift */,
				5E571F3D2243258900C063EC /* Main.storyboard */,
				5E571F402243258A00C063EC /* Assets.xcassets */,
				5E571F422243258A00C063EC /* LaunchScreen.storyboard */,
				5E571F452243258A00C063EC /* Info.plist */,
			);
			path = LLimitTextFieldDemo;
			sourceTree = "<group>";
		};
		5E571F4B224325E900C063EC /* LLimitTextField */ = {
			isa = PBXGroup;
			children = (
				5E571F4C224325E900C063EC /* FullWidthTextField.swift */,
				5E571F4D224325E900C063EC /* LLimitTextField.swift */,
				5E571F50224326AD00C063EC /* CGRect+Extension.swift */,
			);
			name = LLimitTextField;
			path = ../../LLimitTextField;
			sourceTree = "<group>";
		};
/* End PBXGroup section */

/* Begin PBXNativeTarget section */
		5E571F352243258900C063EC /* LLimitTextFieldDemo */ = {
			isa = PBXNativeTarget;
			buildConfigurationList = 5E571F482243258A00C063EC /* Build configuration list for PBXNativeTarget "LLimitTextFieldDemo" */;
			buildPhases = (
				5E571F322243258900C063EC /* Sources */,
				5E571F332243258900C063EC /* Frameworks */,
				5E571F342243258900C063EC /* Resources */,
			);
			buildRules = (
			);
			dependencies = (
			);
			name = LLimitTextFieldDemo;
			productName = LLimitTextFieldDemo;
			productReference = 5E571F362243258900C063EC /* LLimitTextFieldDemo.app */;
			productType = "com.apple.product-type.application";
		};
/* End PBXNativeTarget section */

/* Begin PBXProject section */
		5E571F2E2243258900C063EC /* Project object */ = {
			isa = PBXProject;
			attributes = {
				LastSwiftUpdateCheck = 1010;
				LastUpgradeCheck = 1010;
				ORGANIZATIONNAME = LvesLi;
				TargetAttributes = {
					5E571F352243258900C063EC = {
						CreatedOnToolsVersion = 10.1;
					};
				};
			};
			buildConfigurationList = 5E571F312243258900C063EC /* Build configuration list for PBXProject "LLimitTextFieldDemo" */;
			compatibilityVersion = "Xcode 9.3";
			developmentRegion = en;
			hasScannedForEncodings = 0;
			knownRegions = (
				en,
				Base,
			);
			mainGroup = 5E571F2D2243258900C063EC;
			productRefGroup = 5E571F372243258900C063EC /* Products */;
			projectDirPath = "";
			projectRoot = "";
			targets = (
				5E571F352243258900C063EC /* LLimitTextFieldDemo */,
			);
		};
/* End PBXProject section */

/* Begin PBXResourcesBuildPhase section */
		5E571F342243258900C063EC /* Resources */ = {
			isa = PBXResourcesBuildPhase;
			buildActionMask = 2147483647;
			files = (
				5E571F442243258A00C063EC /* LaunchScreen.storyboard in Resources */,
				5E571F412243258A00C063EC /* Assets.xcassets in Resources */,
				5E571F3F2243258900C063EC /* Main.storyboard in Resources */,
			);
			runOnlyForDeploymentPostprocessing = 0;
		};
/* End PBXResourcesBuildPhase section */

/* Begin PBXSourcesBuildPhase section */
		5E571F322243258900C063EC /* Sources */ = {
			isa = PBXSourcesBuildPhase;
			buildActionMask = 2147483647;
			files = (
				5E571F4F224325E900C063EC /* LLimitTextField.swift in Sources */,
				5E571F4E224325E900C063EC /* FullWidthTextField.swift in Sources */,
				5E571F3C2243258900C063EC /* ViewController.swift in Sources */,
				5E571F3A2243258900C063EC /* AppDelegate.swift in Sources */,
				5E571F51224326AD00C063EC /* CGRect+Extension.swift in Sources */,
			);
			runOnlyForDeploymentPostprocessing = 0;
		};
/* End PBXSourcesBuildPhase section */

/* Begin PBXVariantGroup section */
		5E571F3D2243258900C063EC /* Main.storyboard */ = {
			isa = PBXVariantGroup;
			children = (
				5E571F3E2243258900C063EC /* Base */,
			);
			name = Main.storyboard;
			sourceTree = "<group>";
		};
		5E571F422243258A00C063EC /* LaunchScreen.storyboard */ = {
			isa = PBXVariantGroup;
			children = (
				5E571F432243258A00C063EC /* Base */,
			);
			name = LaunchScreen.storyboard;
			sourceTree = "<group>";
		};
/* End PBXVariantGroup section */

/* Begin XCBuildConfiguration section */
		5E571F462243258A00C063EC /* Debug */ = {
			isa = XCBuildConfiguration;
			buildSettings = {
				ALWAYS_SEARCH_USER_PATHS = NO;
				CLANG_ANALYZER_NONNULL = YES;
				CLANG_ANALYZER_NUMBER_OBJECT_CONVERSION = YES_AGGRESSIVE;
				CLANG_CXX_LANGUAGE_STANDARD = "gnu++14";
				CLANG_CXX_LIBRARY = "libc++";
				CLANG_ENABLE_MODULES = YES;
				CLANG_ENABLE_OBJC_ARC = YES;
				CLANG_ENABLE_OBJC_WEAK = YES;
				CLANG_WARN_BLOCK_CAPTURE_AUTORELEASING = YES;
				CLANG_WARN_BOOL_CONVERSION = YES;
				CLANG_WARN_COMMA = YES;
				CLANG_WARN_CONSTANT_CONVERSION = YES;
				CLANG_WARN_DEPRECATED_OBJC_IMPLEMENTATIONS = YES;
				CLANG_WARN_DIRECT_OBJC_ISA_USAGE = YES_ERROR;
				CLANG_WARN_DOCUMENTATION_COMMENTS = YES;
				CLANG_WARN_EMPTY_BODY = YES;
				CLANG_WARN_ENUM_CONVERSION = YES;
				CLANG_WARN_INFINITE_RECURSION = YES;
				CLANG_WARN_INT_CONVERSION = YES;
				CLANG_WARN_NON_LITERAL_NULL_CONVERSION = YES;
				CLANG_WARN_OBJC_IMPLICIT_RETAIN_SELF = YES;
				CLANG_WARN_OBJC_LITERAL_CONVERSION = YES;
				CLANG_WARN_OBJC_ROOT_CLASS = YES_ERROR;
				CLANG_WARN_RANGE_LOOP_ANALYSIS = YES;
				CLANG_WARN_STRICT_PROTOTYPES = YES;
				CLANG_WARN_SUSPICIOUS_MOVE = YES;
				CLANG_WARN_UNGUARDED_AVAILABILITY = YES_AGGRESSIVE;
				CLANG_WARN_UNREACHABLE_CODE = YES;
				CLANG_WARN__DUPLICATE_METHOD_MATCH = YES;
				CODE_SIGN_IDENTITY = "iPhone Developer";
				COPY_PHASE_STRIP = NO;
				DEBUG_INFORMATION_FORMAT = dwarf;
				ENABLE_STRICT_OBJC_MSGSEND = YES;
				ENABLE_TESTABILITY = YES;
				GCC_C_LANGUAGE_STANDARD = gnu11;
				GCC_DYNAMIC_NO_PIC = NO;
				GCC_NO_COMMON_BLOCKS = YES;
				GCC_OPTIMIZATION_LEVEL = 0;
				GCC_PREPROCESSOR_DEFINITIONS = (
					"DEBUG=1",
					"$(inherited)",
				);
				GCC_WARN_64_TO_32_BIT_CONVERSION = YES;
				GCC_WARN_ABOUT_RETURN_TYPE = YES_ERROR;
				GCC_WARN_UNDECLARED_SELECTOR = YES;
				GCC_WARN_UNINITIALIZED_AUTOS = YES_AGGRESSIVE;
				GCC_WARN_UNUSED_FUNCTION = YES;
				GCC_WARN_UNUSED_VARIABLE = YES;
				IPHONEOS_DEPLOYMENT_TARGET = 12.1;
				MTL_ENABLE_DEBUG_INFO = INCLUDE_SOURCE;
				MTL_FAST_MATH = YES;
				ONLY_ACTIVE_ARCH = YES;
				SDKROOT = iphoneos;
				SWIFT_ACTIVE_COMPILATION_CONDITIONS = DEBUG;
				SWIFT_OPTIMIZATION_LEVEL = "-Onone";
			};
			name = Debug;
		};
		5E571F472243258A00C063EC /* Release */ = {
			isa = XCBuildConfiguration;
			buildSettings = {
				ALWAYS_SEARCH_USER_PATHS = NO;
				CLANG_ANALYZER_NONNULL = YES;
				CLANG_ANALYZER_NUMBER_OBJECT_CONVERSION = YES_AGGRESSIVE;
				CLANG_CXX_LANGUAGE_STANDARD = "gnu++14";
				CLANG_CXX_LIBRARY = "libc++";
				CLANG_ENABLE_MODULES = YES;
				CLANG_ENABLE_OBJC_ARC = YES;
				CLANG_ENABLE_OBJC_WEAK = YES;
				CLANG_WARN_BLOCK_CAPTURE_AUTORELEASING = YES;
				CLANG_WARN_BOOL_CONVERSION = YES;
				CLANG_WARN_COMMA = YES;
				CLANG_WARN_CONSTANT_CONVERSION = YES;
				CLANG_WARN_DEPRECATED_OBJC_IMPLEMENTATIONS = YES;
				CLANG_WARN_DIRECT_OBJC_ISA_USAGE = YES_ERROR;
				CLANG_WARN_DOCUMENTATION_COMMENTS = YES;
				CLANG_WARN_EMPTY_BODY = YES;
				CLANG_WARN_ENUM_CONVERSION = YES;
				CLANG_WARN_INFINITE_RECURSION = YES;
				CLANG_WARN_INT_CONVERSION = YES;
				CLANG_WARN_NON_LITERAL_NULL_CONVERSION = YES;
				CLANG_WARN_OBJC_IMPLICIT_RETAIN_SELF = YES;
				CLANG_WARN_OBJC_LITERAL_CONVERSION = YES;
				CLANG_WARN_OBJC_ROOT_CLASS = YES_ERROR;
				CLANG_WARN_RANGE_LOOP_ANALYSIS = YES;
				CLANG_WARN_STRICT_PROTOTYPES = YES;
				CLANG_WARN_SUSPICIOUS_MOVE = YES;
				CLANG_WARN_UNGUARDED_AVAILABILITY = YES_AGGRESSIVE;
				CLANG_WARN_UNREACHABLE_CODE = YES;
				CLANG_WARN__DUPLICATE_METHOD_MATCH = YES;
				CODE_SIGN_IDENTITY = "iPhone Developer";
				COPY_PHASE_STRIP = NO;
				DEBUG_INFORMATION_FORMAT = "dwarf-with-dsym";
				ENABLE_NS_ASSERTIONS = NO;
				ENABLE_STRICT_OBJC_MSGSEND = YES;
				GCC_C_LANGUAGE_STANDARD = gnu11;
				GCC_NO_COMMON_BLOCKS = YES;
				GCC_WARN_64_TO_32_BIT_CONVERSION = YES;
				GCC_WARN_ABOUT_RETURN_TYPE = YES_ERROR;
				GCC_WARN_UNDECLARED_SELECTOR = YES;
				GCC_WARN_UNINITIALIZED_AUTOS = YES_AGGRESSIVE;
				GCC_WARN_UNUSED_FUNCTION = YES;
				GCC_WARN_UNUSED_VARIABLE = YES;
				IPHONEOS_DEPLOYMENT_TARGET = 12.1;
				MTL_ENABLE_DEBUG_INFO = NO;
				MTL_FAST_MATH = YES;
				SDKROOT = iphoneos;
				SWIFT_COMPILATION_MODE = wholemodule;
				SWIFT_OPTIMIZATION_LEVEL = "-O";
				VALIDATE_PRODUCT = YES;
			};
			name = Release;
		};
		5E571F492243258A00C063EC /* Debug */ = {
			isa = XCBuildConfiguration;
			buildSettings = {
				ASSETCATALOG_COMPILER_APPICON_NAME = AppIcon;
				CODE_SIGN_STYLE = Manual;
				DEVELOPMENT_TEAM = "";
				INFOPLIST_FILE = LLimitTextFieldDemo/Info.plist;
				IPHONEOS_DEPLOYMENT_TARGET = 9.0;
				LD_RUNPATH_SEARCH_PATHS = (
					"$(inherited)",
					"@executable_path/Frameworks",
				);
				PRODUCT_BUNDLE_IDENTIFIER = com.lvesli.LLimitTextFieldDemo;
				PRODUCT_NAME = "$(TARGET_NAME)";
				PROVISIONING_PROFILE_SPECIFIER = "";
				SWIFT_VERSION = 4.2;
				TARGETED_DEVICE_FAMILY = "1,2";
			};
			name = Debug;
		};
		5E571F4A2243258A00C063EC /* Release */ = {
			isa = XCBuildConfiguration;
			buildSettings = {
				ASSETCATALOG_COMPILER_APPICON_NAME = AppIcon;
				CODE_SIGN_STYLE = Manual;
				DEVELOPMENT_TEAM = "";
				INFOPLIST_FILE = LLimitTextFieldDemo/Info.plist;
				IPHONEOS_DEPLOYMENT_TARGET = 9.0;
				LD_RUNPATH_SEARCH_PATHS = (
					"$(inherited)",
					"@executable_path/Frameworks",
				);
				PRODUCT_BUNDLE_IDENTIFIER = com.lvesli.LLimitTextFieldDemo;
				PRODUCT_NAME = "$(TARGET_NAME)";
				PROVISIONING_PROFILE_SPECIFIER = "";
				SWIFT_VERSION = 4.2;
				TARGETED_DEVICE_FAMILY = "1,2";
			};
			name = Release;
		};
/* End XCBuildConfiguration section */

/* Begin XCConfigurationList section */
		5E571F312243258900C063EC /* Build configuration list for PBXProject "LLimitTextFieldDemo" */ = {
			isa = XCConfigurationList;
			buildConfigurations = (
				5E571F462243258A00C063EC /* Debug */,
				5E571F472243258A00C063EC /* Release */,
			);
			defaultConfigurationIsVisible = 0;
			defaultConfigurationName = Release;
		};
		5E571F482243258A00C063EC /* Build configuration list for PBXNativeTarget "LLimitTextFieldDemo" */ = {
			isa = XCConfigurationList;
			buildConfigurations = (
				5E571F492243258A00C063EC /* Debug */,
				5E571F4A2243258A00C063EC /* Release */,
			);
			defaultConfigurationIsVisible = 0;
			defaultConfigurationName = Release;
		};
/* End XCConfigurationList section */
	};
	rootObject = 5E571F2E2243258900C063EC /* Project object */;
}
